
Microsoft Visual Studio Solution File, Format Version 12.00
# Visual Studio Version 17
VisualStudioVersion = 17.7.34031.279
MinimumVisualStudioVersion = 10.0.40219.1
Project("{FAE04EC0-301F-11D3-BF4B-00C04F79EFBC}") = "Ejercicio01Condicionales", "Ejercicio01Condicionales.csproj", "{9F4B93D7-18DC-4A0D-88B7-1B461905FB1C}"
EndProject
Global
	GlobalSection(SolutionConfigurationPlatforms) = preSolution
		Debug|Any CPU = Debug|Any CPU
		Release|Any CPU = Release|Any CPU
	EndGlobalSection
	GlobalSection(ProjectConfigurationPlatforms) = postSolution
		{9F4B93D7-18DC-4A0D-88B7-1B461905FB1C}.Debug|Any CPU.ActiveCfg = Debug|Any CPU
		{9F4B93D7-18DC-4A0D-88B7-1B461905FB1C}.Debug|Any CPU.Build.0 = Debug|Any CPU
		{9F4B93D7-18DC-4A0D-88B7-1B461905FB1C}.Release|Any CPU.ActiveCfg = Release|Any CPU
		{9F4B93D7-18DC-4A0D-88B7-1B461905FB1C}.Release|Any CPU.Build.0 = Release|Any CPU
	EndGlobalSection
	GlobalSection(SolutionProperties) = preSolution
		HideSolutionNode = FALSE
	EndGlobalSection
	GlobalSection(ExtensibilityGlobals) = postSolution
		SolutionGuid = {60C8B5EE-8EF7-427F-B7AA-49498E9A98F4}
	EndGlobalSection
EndGlobal
